
Microsoft Visual Studio Solution File, Format Version 12.00
# Visual Studio Version 16
VisualStudioVersion = 25.0.1700.4
MinimumVisualStudioVersion = 10.0.40219.1
Project("{2150E333-8FDC-42A3-9474-1A3956D46DE8}") = "Services", "Services", "{8362CC19-1873-4D85-9F2F-3E2B3B15B0E1}"
EndProject
Project("{2150E333-8FDC-42A3-9474-1A3956D46DE8}") = "Business", "Business", "{3C43BB09-D187-4E63-BC26-40F09BF784EC}"
EndProject
Project("{2150E333-8FDC-42A3-9474-1A3956D46DE8}") = "Data", "Data", "{11C9AC2E-A649-401A-9721-5DBDCB154AD9}"
EndProject
Project("{2150E333-8FDC-42A3-9474-1A3956D46DE8}") = "ConsoleApps", "ConsoleApps", "{9AAFB4B3-E4F3-41F8-9A0E-85520746309A}"
EndProject
Project("{2150E333-8FDC-42A3-9474-1A3956D46DE8}") = "Identity", "Identity", "{C7701023-3E6A-4244-9DC7-15030BCEAD43}"
EndProject
Project("{FAE04EC0-301F-11D3-BF4B-00C04F79EFBC}") = "Business.ServiceModel", "ServiceModel\Business.ServiceModel.csproj", "{6539229D-ACBE-4025-9A63-D3776B0DC445}"
EndProject
Project("{2150E333-8FDC-42A3-9474-1A3956D46DE8}") = "Security", "Security", "{E1F342D4-50AE-4687-8896-53A6546D3B85}"
EndProject
Project("{FAE04EC0-301F-11D3-BF4B-00C04F79EFBC}") = "Security.Api", "Security.Api\Security.Api.csproj", "{502CFAAD-6D16-424E-B703-448E44A6ABAE}"
EndProject
Project("{FAE04EC0-301F-11D3-BF4B-00C04F79EFBC}") = "Data.Dapper", "Data\Data.Dapper\Data.Dapper.csproj", "{9C5F5934-1CF0-47F4-97D2-D882F144804D}"
EndProject
Project("{FAE04EC0-301F-11D3-BF4B-00C04F79EFBC}") = "Data.Entity", "Data\Data.Entity\Data.Entity.csproj", "{C0972BE3-20AD-443A-BC63-E11917FBE1D4}"
EndProject
Project("{FAE04EC0-301F-11D3-BF4B-00C04F79EFBC}") = "Identity.Api", "Identity.Api\Identity.Api.csproj", "{E8A57962-A991-457E-A06A-8A1988BFC289}"
EndProject
Project("{2150E333-8FDC-42A3-9474-1A3956D46DE8}") = "Product", "Product", "{6121F6E0-0544-46FA-923A-244D31B5E8BB}"
EndProject
Project("{FAE04EC0-301F-11D3-BF4B-00C04F79EFBC}") = "Product.Api", "Product.Api\Product.Api.csproj", "{0C136CDB-A441-42AC-B93A-DE06AEDFABC1}"
EndProject
Global
	GlobalSection(SolutionConfigurationPlatforms) = preSolution
		Debug|Any CPU = Debug|Any CPU
		Release|Any CPU = Release|Any CPU
	EndGlobalSection
	GlobalSection(ProjectConfigurationPlatforms) = postSolution
		{6539229D-ACBE-4025-9A63-D3776B0DC445}.Debug|Any CPU.ActiveCfg = Debug|Any CPU
		{6539229D-ACBE-4025-9A63-D3776B0DC445}.Debug|Any CPU.Build.0 = Debug|Any CPU
		{6539229D-ACBE-4025-9A63-D3776B0DC445}.Release|Any CPU.ActiveCfg = Release|Any CPU
		{6539229D-ACBE-4025-9A63-D3776B0DC445}.Release|Any CPU.Build.0 = Release|Any CPU
		{502CFAAD-6D16-424E-B703-448E44A6ABAE}.Debug|Any CPU.ActiveCfg = Debug|Any CPU
		{502CFAAD-6D16-424E-B703-448E44A6ABAE}.Debug|Any CPU.Build.0 = Debug|Any CPU
		{502CFAAD-6D16-424E-B703-448E44A6ABAE}.Release|Any CPU.ActiveCfg = Release|Any CPU
		{502CFAAD-6D16-424E-B703-448E44A6ABAE}.Release|Any CPU.Build.0 = Release|Any CPU
		{9C5F5934-1CF0-47F4-97D2-D882F144804D}.Debug|Any CPU.ActiveCfg = Debug|Any CPU
		{9C5F5934-1CF0-47F4-97D2-D882F144804D}.Debug|Any CPU.Build.0 = Debug|Any CPU
		{9C5F5934-1CF0-47F4-97D2-D882F144804D}.Release|Any CPU.ActiveCfg = Release|Any CPU
		{9C5F5934-1CF0-47F4-97D2-D882F144804D}.Release|Any CPU.Build.0 = Release|Any CPU
		{C0972BE3-20AD-443A-BC63-E11917FBE1D4}.Debug|Any CPU.ActiveCfg = Debug|Any CPU
		{C0972BE3-20AD-443A-BC63-E11917FBE1D4}.Debug|Any CPU.Build.0 = Debug|Any CPU
		{C0972BE3-20AD-443A-BC63-E11917FBE1D4}.Release|Any CPU.ActiveCfg = Release|Any CPU
		{C0972BE3-20AD-443A-BC63-E11917FBE1D4}.Release|Any CPU.Build.0 = Release|Any CPU
		{E8A57962-A991-457E-A06A-8A1988BFC289}.Debug|Any CPU.ActiveCfg = Debug|Any CPU
		{E8A57962-A991-457E-A06A-8A1988BFC289}.Debug|Any CPU.Build.0 = Debug|Any CPU
		{E8A57962-A991-457E-A06A-8A1988BFC289}.Release|Any CPU.ActiveCfg = Release|Any CPU
		{E8A57962-A991-457E-A06A-8A1988BFC289}.Release|Any CPU.Build.0 = Release|Any CPU
		{0C136CDB-A441-42AC-B93A-DE06AEDFABC1}.Debug|Any CPU.ActiveCfg = Debug|Any CPU
		{0C136CDB-A441-42AC-B93A-DE06AEDFABC1}.Debug|Any CPU.Build.0 = Debug|Any CPU
		{0C136CDB-A441-42AC-B93A-DE06AEDFABC1}.Release|Any CPU.ActiveCfg = Release|Any CPU
		{0C136CDB-A441-42AC-B93A-DE06AEDFABC1}.Release|Any CPU.Build.0 = Release|Any CPU
	EndGlobalSection
	GlobalSection(SolutionProperties) = preSolution
		HideSolutionNode = FALSE
	EndGlobalSection
	GlobalSection(ExtensibilityGlobals) = postSolution
		SolutionGuid = {458D19BA-7443-40DA-B5C8-5EC34CE71519}
	EndGlobalSection
	GlobalSection(NestedProjects) = preSolution
		{C7701023-3E6A-4244-9DC7-15030BCEAD43} = {8362CC19-1873-4D85-9F2F-3E2B3B15B0E1}
		{6539229D-ACBE-4025-9A63-D3776B0DC445} = {3C43BB09-D187-4E63-BC26-40F09BF784EC}
		{E1F342D4-50AE-4687-8896-53A6546D3B85} = {8362CC19-1873-4D85-9F2F-3E2B3B15B0E1}
		{502CFAAD-6D16-424E-B703-448E44A6ABAE} = {E1F342D4-50AE-4687-8896-53A6546D3B85}
		{9C5F5934-1CF0-47F4-97D2-D882F144804D} = {11C9AC2E-A649-401A-9721-5DBDCB154AD9}
		{C0972BE3-20AD-443A-BC63-E11917FBE1D4} = {11C9AC2E-A649-401A-9721-5DBDCB154AD9}
		{E8A57962-A991-457E-A06A-8A1988BFC289} = {C7701023-3E6A-4244-9DC7-15030BCEAD43}
		{6121F6E0-0544-46FA-923A-244D31B5E8BB} = {8362CC19-1873-4D85-9F2F-3E2B3B15B0E1}
		{0C136CDB-A441-42AC-B93A-DE06AEDFABC1} = {6121F6E0-0544-46FA-923A-244D31B5E8BB}
	EndGlobalSection
	GlobalSection(MonoDevelopProperties) = preSolution
		Policies = $0
		$0.DotNetNamingPolicy = $1
		$1.DirectoryNamespaceAssociation = PrefixedFlat
		$0.StandardHeader = $2
	EndGlobalSection
EndGlobal
